
Microsoft Visual Studio Solution File, Format Version 12.00
# Visual Studio Version 17
VisualStudioVersion = 17.13.35913.81
MinimumVisualStudioVersion = 10.0.40219.1
Project("{8BC9CEB8-8B4A-11D0-8D11-00A0C91BC942}") = "EmptyViewer", "EmptyViewer\EmptyViewer.vcxproj", "{92FBD4B6-B371-475D-952F-42743525E670}"
EndProject
Project("{8BC9CEB8-8B4A-11D0-8D11-00A0C91BC942}") = "assignment2", "assignment2_1\assignment2.vcxproj", "{45981B5C-D672-4B99-A3B9-47661DE5AC5E}"
EndProject
Project("{8BC9CEB8-8B4A-11D0-8D11-00A0C91BC942}") = "assignment2-2", "assignment2_2\assignment2-2.vcxproj", "{2DC66B22-3254-4CC1-A494-A80BC7CCF5CD}"
EndProject
Project("{8BC9CEB8-8B4A-11D0-8D11-00A0C91BC942}") = "assignment2_3", "assignment2_3\assignment2_3.vcxproj", "{93EAF5FB-1389-4A78-AFA9-434A6F02ED80}"
EndProject
Global
	GlobalSection(SolutionConfigurationPlatforms) = preSolution
		Debug|Win32 = Debug|Win32
		Release|Win32 = Release|Win32
	EndGlobalSection
	GlobalSection(ProjectConfigurationPlatforms) = postSolution
		{92FBD4B6-B371-475D-952F-42743525E670}.Debug|Win32.ActiveCfg = Debug|Win32
		{92FBD4B6-B371-475D-952F-42743525E670}.Debug|Win32.Build.0 = Debug|Win32
		{92FBD4B6-B371-475D-952F-42743525E670}.Release|Win32.ActiveCfg = Release|Win32
		{92FBD4B6-B371-475D-952F-42743525E670}.Release|Win32.Build.0 = Release|Win32
		{45981B5C-D672-4B99-A3B9-47661DE5AC5E}.Debug|Win32.ActiveCfg = Debug|Win32
		{45981B5C-D672-4B99-A3B9-47661DE5AC5E}.Debug|Win32.Build.0 = Debug|Win32
		{45981B5C-D672-4B99-A3B9-47661DE5AC5E}.Release|Win32.ActiveCfg = Release|Win32
		{45981B5C-D672-4B99-A3B9-47661DE5AC5E}.Release|Win32.Build.0 = Release|Win32
		{2DC66B22-3254-4CC1-A494-A80BC7CCF5CD}.Debug|Win32.ActiveCfg = Debug|Win32
		{2DC66B22-3254-4CC1-A494-A80BC7CCF5CD}.Debug|Win32.Build.0 = Debug|Win32
		{2DC66B22-3254-4CC1-A494-A80BC7CCF5CD}.Release|Win32.ActiveCfg = Release|Win32
		{2DC66B22-3254-4CC1-A494-A80BC7CCF5CD}.Release|Win32.Build.0 = Release|Win32
		{93EAF5FB-1389-4A78-AFA9-434A6F02ED80}.Debug|Win32.ActiveCfg = Debug|Win32
		{93EAF5FB-1389-4A78-AFA9-434A6F02ED80}.Debug|Win32.Build.0 = Debug|Win32
		{93EAF5FB-1389-4A78-AFA9-434A6F02ED80}.Release|Win32.ActiveCfg = Release|Win32
		{93EAF5FB-1389-4A78-AFA9-434A6F02ED80}.Release|Win32.Build.0 = Release|Win32
	EndGlobalSection
	GlobalSection(SolutionProperties) = preSolution
		HideSolutionNode = FALSE
	EndGlobalSection
	GlobalSection(ExtensibilityGlobals) = postSolution
		SolutionGuid = {9A057650-084C-4900-AD6D-A0C4D42DFC1E}
	EndGlobalSection
EndGlobal
